Microsoft Visual Studio Solution File, Format Version 12.00
# Visual Studio Version 17
VisualStudioVersion = 17.13.35919.96
MinimumVisualStudioVersion = 10.0.40219.1
Project("{FAE04EC0-301F-11D3-BF4B-00C04F79EFBC}") = "AniParser", "AniParser\AniParser.csproj", "{01D535C3-8F25-4132-8312-DAFE2869ADC6}"
EndProject
Project("{FAE04EC0-301F-11D3-BF4B-00C04F79EFBC}") = "AniParser.Test", "AniParser.Test\AniParser.Test.csproj", "{39BA2B4C-CE82-49A9-8676-968CC32C7834}"
EndProject
Global
	GlobalSection(SolutionConfigurationPlatforms) = preSolution
		Debug|Any CPU = Debug|Any CPU
		Release|Any CPU = Release|Any CPU
	EndGlobalSection
	GlobalSection(ProjectConfigurationPlatforms) = postSolution
		{01D535C3-8F25-4132-8312-DAFE2869ADC6}.Debug|Any CPU.ActiveCfg = Debug|Any CPU
		{01D535C3-8F25-4132-8312-DAFE2869ADC6}.Debug|Any CPU.Build.0 = Debug|Any CPU
		{01D535C3-8F25-4132-8312-DAFE2869ADC6}.Release|Any CPU.ActiveCfg = Release|Any CPU
		{01D535C3-8F25-4132-8312-DAFE2869ADC6}.Release|Any CPU.Build.0 = Release|Any CPU
		{39BA2B4C-CE82-49A9-8676-968CC32C7834}.Debug|Any CPU.ActiveCfg = Debug|Any CPU
		{39BA2B4C-CE82-49A9-8676-968CC32C7834}.Debug|Any CPU.Build.0 = Debug|Any CPU
		{39BA2B4C-CE82-49A9-8676-968CC32C7834}.Release|Any CPU.ActiveCfg = Release|Any CPU
		{39BA2B4C-CE82-49A9-8676-968CC32C7834}.Release|Any CPU.Build.0 = Release|Any CPU
	EndGlobalSection
	GlobalSection(SolutionProperties) = preSolution
		HideSolutionNode = FALSE
	EndGlobalSection
	GlobalSection(ExtensibilityGlobals) = postSolution
		SolutionGuid = {1D94F878-F716-4C9A-A98C-497C32C4ECB4}
	EndGlobalSection
EndGlobal
